// !$*UTF8*$!
{
	archiveVersion = 1;
	classes = {
	};
	objectVersion = 56;
	objects = {

/* Begin PBXBuildFile section */
		C09ADE0929854EB6008F2E90 /* AppDelegate.swift in Sources */ = {isa = PBXBuildFile; fileRef = C09ADE0829854EB6008F2E90 /* AppDelegate.swift */; };
		C09ADE0B29854EB6008F2E90 /* SceneDelegate.swift in Sources */ = {isa = PBXBuildFile; fileRef = C09ADE0A29854EB6008F2E90 /* SceneDelegate.swift */; };
		C09ADE0D29854EB6008F2E90 /* ViewController.swift in Sources */ = {isa = PBXBuildFile; fileRef = C09ADE0C29854EB6008F2E90 /* ViewController.swift */; };
		C09ADE1029854EB6008F2E90 /* Main.storyboard in Resources */ = {isa = PBXBuildFile; fileRef = C09ADE0E29854EB6008F2E90 /* Main.storyboard */; };
		C09ADE1229854EB7008F2E90 /* Assets.xcassets in Resources */ = {isa = PBXBuildFile; fileRef = C09ADE1129854EB7008F2E90 /* Assets.xcassets */; };
		C09ADE1529854EB7008F2E90 /* LaunchScreen.storyboard in Resources */ = {isa = PBXBuildFile; fileRef = C09ADE1329854EB7008F2E90 /* LaunchScreen.storyboard */; };
		C09ADE1E29854EEE008F2E90 /* SpringAnimation in Frameworks */ = {isa = PBXBuildFile; productRef = C09ADE1D29854EEE008F2E90 /* SpringAnimation */; };
		C09ADE24298555CB008F2E90 /* DataStore.swift in Sources */ = {isa = PBXBuildFile; fileRef = C09ADE23298555CB008F2E90 /* DataStore.swift */; };
		C09ADE2729855663008F2E90 /* Animation.swift in Sources */ = {isa = PBXBuildFile; fileRef = C09ADE2629855663008F2E90 /* Animation.swift */; };
/* End PBXBuildFile section */

/* Begin PBXFileReference section */
		C09ADE0529854EB6008F2E90 /* SrpingAnimation.app */ = {isa = PBXFileReference; explicitFileType = wrapper.application; includeInIndex = 0; path = SrpingAnimation.app; sourceTree = BUILT_PRODUCTS_DIR; };
		C09ADE0829854EB6008F2E90 /* AppDelegate.swift */ = {isa = PBXFileReference; lastKnownFileType = sourcecode.swift; path = AppDelegate.swift; sourceTree = "<group>"; };
		C09ADE0A29854EB6008F2E90 /* SceneDelegate.swift */ = {isa = PBXFileReference; lastKnownFileType = sourcecode.swift; path = SceneDelegate.swift; sourceTree = "<group>"; };
		C09ADE0C29854EB6008F2E90 /* ViewController.swift */ = {isa = PBXFileReference; lastKnownFileType = sourcecode.swift; path = ViewController.swift; sourceTree = "<group>"; };
		C09ADE0F29854EB6008F2E90 /* Base */ = {isa = PBXFileReference; lastKnownFileType = file.storyboard; name = Base; path = Base.lproj/Main.storyboard; sourceTree = "<group>"; };
		C09ADE1129854EB7008F2E90 /* Assets.xcassets */ = {isa = PBXFileReference; lastKnownFileType = folder.assetcatalog; path = Assets.xcassets; sourceTree = "<group>"; };
		C09ADE1429854EB7008F2E90 /* Base */ = {isa = PBXFileReference; lastKnownFileType = file.storyboard; name = Base; path = Base.lproj/LaunchScreen.storyboard; sourceTree = "<group>"; };
		C09ADE1629854EB7008F2E90 /* Info.plist */ = {isa = PBXFileReference; lastKnownFileType = text.plist.xml; path = Info.plist; sourceTree = "<group>"; };
		C09ADE23298555CB008F2E90 /* DataStore.swift */ = {isa = PBXFileReference; lastKnownFileType = sourcecode.swift; path = DataStore.swift; sourceTree = "<group>"; };
		C09ADE2629855663008F2E90 /* Animation.swift */ = {isa = PBXFileReference; lastKnownFileType = sourcecode.swift; path = Animation.swift; sourceTree = "<group>"; };
/* End PBXFileReference section */

/* Begin PBXFrameworksBuildPhase section */
		C09ADE0229854EB6008F2E90 /* Frameworks */ = {
			isa = PBXFrameworksBuildPhase;
			buildActionMask = 2147483647;
			files = (
				C09ADE1E29854EEE008F2E90 /* SpringAnimation in Frameworks */,
			);
			runOnlyForDeploymentPostprocessing = 0;
		};
/* End PBXFrameworksBuildPhase section */

/* Begin PBXGroup section */
		C09ADDFC29854EB6008F2E90 = {
			isa = PBXGroup;
			children = (
				C09ADE0729854EB6008F2E90 /* SrpingAnimation */,
				C09ADE0629854EB6008F2E90 /* Products */,
			);
			sourceTree = "<group>";
		};
		C09ADE0629854EB6008F2E90 /* Products */ = {
			isa = PBXGroup;
			children = (
				C09ADE0529854EB6008F2E90 /* SrpingAnimation.app */,
			);
			name = Products;
			sourceTree = "<group>";
		};
		C09ADE0729854EB6008F2E90 /* SrpingAnimation */ = {
			isa = PBXGroup;
			children = (
				C09ADE1F2985554D008F2E90 /* App */,
				C09ADE202985556A008F2E90 /* ViewControllers */,
				C09ADE252985563D008F2E90 /* Models */,
				C09ADE22298555B3008F2E90 /* Services */,
				C09ADE212985557C008F2E90 /* Storyboards */,
				C09ADE1129854EB7008F2E90 /* Assets.xcassets */,
			);
			path = SrpingAnimation;
			sourceTree = "<group>";
		};
		C09ADE1F2985554D008F2E90 /* App */ = {
			isa = PBXGroup;
			children = (
				C09ADE0829854EB6008F2E90 /* AppDelegate.swift */,
				C09ADE0A29854EB6008F2E90 /* SceneDelegate.swift */,
				C09ADE1629854EB7008F2E90 /* Info.plist */,
			);
			path = App;
			sourceTree = "<group>";
		};
		C09ADE202985556A008F2E90 /* ViewControllers */ = {
			isa = PBXGroup;
			children = (
				C09ADE0C29854EB6008F2E90 /* ViewController.swift */,
			);
			path = ViewControllers;
			sourceTree = "<group>";
		};
		C09ADE212985557C008F2E90 /* Storyboards */ = {
			isa = PBXGroup;
			children = (
				C09ADE0E29854EB6008F2E90 /* Main.storyboard */,
				C09ADE1329854EB7008F2E90 /* LaunchScreen.storyboard */,
			);
			path = Storyboards;
			sourceTree = "<group>";
		};
		C09ADE22298555B3008F2E90 /* Services */ = {
			isa = PBXGroup;
			children = (
				C09ADE23298555CB008F2E90 /* DataStore.swift */,
			);
			path = Services;
			sourceTree = "<group>";
		};
		C09ADE252985563D008F2E90 /* Models */ = {
			isa = PBXGroup;
			children = (
				C09ADE2629855663008F2E90 /* Animation.swift */,
			);
			path = Models;
			sourceTree = "<group>";
		};
/* End PBXGroup section */

/* Begin PBXNativeTarget section */
		C09ADE0429854EB6008F2E90 /* SrpingAnimation */ = {
			isa = PBXNativeTarget;
			buildConfigurationList = C09ADE1929854EB7008F2E90 /* Build configuration list for PBXNativeTarget "SrpingAnimation" */;
			buildPhases = (
				C09ADE0129854EB6008F2E90 /* Sources */,
				C09ADE0229854EB6008F2E90 /* Frameworks */,
				C09ADE0329854EB6008F2E90 /* Resources */,
			);
			buildRules = (
			);
			dependencies = (
			);
			name = SrpingAnimation;
			packageProductDependencies = (
				C09ADE1D29854EEE008F2E90 /* SpringAnimation */,
			);
			productName = SrpingAnimation;
			productReference = C09ADE0529854EB6008F2E90 /* SrpingAnimation.app */;
			productType = "com.apple.product-type.application";
		};
/* End PBXNativeTarget section */

/* Begin PBXProject section */
		C09ADDFD29854EB6008F2E90 /* Project object */ = {
			isa = PBXProject;
			attributes = {
				BuildIndependentTargetsInParallel = 1;
				LastSwiftUpdateCheck = 1420;
				LastUpgradeCheck = 1420;
				TargetAttributes = {
					C09ADE0429854EB6008F2E90 = {
						CreatedOnToolsVersion = 14.2;
					};
				};
			};
			buildConfigurationList = C09ADE0029854EB6008F2E90 /* Build configuration list for PBXProject "SrpingAnimation" */;
			compatibilityVersion = "Xcode 14.0";
			developmentRegion = en;
			hasScannedForEncodings = 0;
			knownRegions = (
				en,
				Base,
			);
			mainGroup = C09ADDFC29854EB6008F2E90;
			packageReferences = (
				C09ADE1C29854EEE008F2E90 /* XCRemoteSwiftPackageReference "SpringAnimation" */,
			);
			productRefGroup = C09ADE0629854EB6008F2E90 /* Products */;
			projectDirPath = "";
			projectRoot = "";
			targets = (
				C09ADE0429854EB6008F2E90 /* SrpingAnimation */,
			);
		};
/* End PBXProject section */

/* Begin PBXResourcesBuildPhase section */
		C09ADE0329854EB6008F2E90 /* Resources */ = {
			isa = PBXResourcesBuildPhase;
			buildActionMask = 2147483647;
			files = (
				C09ADE1529854EB7008F2E90 /* LaunchScreen.storyboard in Resources */,
				C09ADE1229854EB7008F2E90 /* Assets.xcassets in Resources */,
				C09ADE1029854EB6008F2E90 /* Main.storyboard in Resources */,
			);
			runOnlyForDeploymentPostprocessing = 0;
		};
/* End PBXResourcesBuildPhase section */

/* Begin PBXSourcesBuildPhase section */
		C09ADE0129854EB6008F2E90 /* Sources */ = {
			isa = PBXSourcesBuildPhase;
			buildActionMask = 2147483647;
			files = (
				C09ADE0D29854EB6008F2E90 /* ViewController.swift in Sources */,
				C09ADE24298555CB008F2E90 /* DataStore.swift in Sources */,
				C09ADE0929854EB6008F2E90 /* AppDelegate.swift in Sources */,
				C09ADE2729855663008F2E90 /* Animation.swift in Sources */,
				C09ADE0B29854EB6008F2E90 /* SceneDelegate.swift in Sources */,
			);
			runOnlyForDeploymentPostprocessing = 0;
		};
/* End PBXSourcesBuildPhase section */

/* Begin PBXVariantGroup section */
		C09ADE0E29854EB6008F2E90 /* Main.storyboard */ = {
			isa = PBXVariantGroup;
			children = (
				C09ADE0F29854EB6008F2E90 /* Base */,
			);
			name = Main.storyboard;
			sourceTree = "<group>";
		};
		C09ADE1329854EB7008F2E90 /* LaunchScreen.storyboard */ = {
			isa = PBXVariantGroup;
			children = (
				C09ADE1429854EB7008F2E90 /* Base */,
			);
			name = LaunchScreen.storyboard;
			sourceTree = "<group>";
		};
/* End PBXVariantGroup section */

/* Begin XCBuildConfiguration section */
		C09ADE1729854EB7008F2E90 /* Debug */ = {
			isa = XCBuildConfiguration;
			buildSettings = {
				ALWAYS_SEARCH_USER_PATHS = NO;
				CLANG_ANALYZER_NONNULL = YES;
				CLANG_ANALYZER_NUMBER_OBJECT_CONVERSION = YES_AGGRESSIVE;
				CLANG_CXX_LANGUAGE_STANDARD = "gnu++20";
				CLANG_ENABLE_MODULES = YES;
				CLANG_ENABLE_OBJC_ARC = YES;
				CLANG_ENABLE_OBJC_WEAK = YES;
				CLANG_WARN_BLOCK_CAPTURE_AUTORELEASING = YES;
				CLANG_WARN_BOOL_CONVERSION = YES;
				CLANG_WARN_COMMA = YES;
				CLANG_WARN_CONSTANT_CONVERSION = YES;
				CLANG_WARN_DEPRECATED_OBJC_IMPLEMENTATIONS = YES;
				CLANG_WARN_DIRECT_OBJC_ISA_USAGE = YES_ERROR;
				CLANG_WARN_DOCUMENTATION_COMMENTS = YES;
				CLANG_WARN_EMPTY_BODY = YES;
				CLANG_WARN_ENUM_CONVERSION = YES;
				CLANG_WARN_INFINITE_RECURSION = YES;
				CLANG_WARN_INT_CONVERSION = YES;
				CLANG_WARN_NON_LITERAL_NULL_CONVERSION = YES;
				CLANG_WARN_OBJC_IMPLICIT_RETAIN_SELF = YES;
				CLANG_WARN_OBJC_LITERAL_CONVERSION = YES;
				CLANG_WARN_OBJC_ROOT_CLASS = YES_ERROR;
				CLANG_WARN_QUOTED_INCLUDE_IN_FRAMEWORK_HEADER = YES;
				CLANG_WARN_RANGE_LOOP_ANALYSIS = YES;
				CLANG_WARN_STRICT_PROTOTYPES = YES;
				CLANG_WARN_SUSPICIOUS_MOVE = YES;
				CLANG_WARN_UNGUARDED_AVAILABILITY = YES_AGGRESSIVE;
				CLANG_WARN_UNREACHABLE_CODE = YES;
				CLANG_WARN__DUPLICATE_METHOD_MATCH = YES;
				COPY_PHASE_STRIP = NO;
				DEBUG_INFORMATION_FORMAT = dwarf;
				ENABLE_STRICT_OBJC_MSGSEND = YES;
				ENABLE_TESTABILITY = YES;
				GCC_C_LANGUAGE_STANDARD = gnu11;
				GCC_DYNAMIC_NO_PIC = NO;
				GCC_NO_COMMON_BLOCKS = YES;
				GCC_OPTIMIZATION_LEVEL = 0;
				GCC_PREPROCESSOR_DEFINITIONS = (
					"DEBUG=1",
					"$(inherited)",
				);
				GCC_WARN_64_TO_32_BIT_CONVERSION = YES;
				GCC_WARN_ABOUT_RETURN_TYPE = YES_ERROR;
				GCC_WARN_UNDECLARED_SELECTOR = YES;
				GCC_WARN_UNINITIALIZED_AUTOS = YES_AGGRESSIVE;
				GCC_WARN_UNUSED_FUNCTION = YES;
				GCC_WARN_UNUSED_VARIABLE = YES;
				IPHONEOS_DEPLOYMENT_TARGET = 16.2;
				MTL_ENABLE_DEBUG_INFO = INCLUDE_SOURCE;
				MTL_FAST_MATH = YES;
				ONLY_ACTIVE_ARCH = YES;
				SDKROOT = iphoneos;
				SWIFT_ACTIVE_COMPILATION_CONDITIONS = DEBUG;
				SWIFT_OPTIMIZATION_LEVEL = "-Onone";
			};
			name = Debug;
		};
		C09ADE1829854EB7008F2E90 /* Release */ = {
			isa = XCBuildConfiguration;
			buildSettings = {
				ALWAYS_SEARCH_USER_PATHS = NO;
				CLANG_ANALYZER_NONNULL = YES;
				CLANG_ANALYZER_NUMBER_OBJECT_CONVERSION = YES_AGGRESSIVE;
				CLANG_CXX_LANGUAGE_STANDARD = "gnu++20";
				CLANG_ENABLE_MODULES = YES;
				CLANG_ENABLE_OBJC_ARC = YES;
				CLANG_ENABLE_OBJC_WEAK = YES;
				CLANG_WARN_BLOCK_CAPTURE_AUTORELEASING = YES;
				CLANG_WARN_BOOL_CONVERSION = YES;
				CLANG_WARN_COMMA = YES;
				CLANG_WARN_CONSTANT_CONVERSION = YES;
				CLANG_WARN_DEPRECATED_OBJC_IMPLEMENTATIONS = YES;
				CLANG_WARN_DIRECT_OBJC_ISA_USAGE = YES_ERROR;
				CLANG_WARN_DOCUMENTATION_COMMENTS = YES;
				CLANG_WARN_EMPTY_BODY = YES;
				CLANG_WARN_ENUM_CONVERSION = YES;
				CLANG_WARN_INFINITE_RECURSION = YES;
				CLANG_WARN_INT_CONVERSION = YES;
				CLANG_WARN_NON_LITERAL_NULL_CONVERSION = YES;
				CLANG_WARN_OBJC_IMPLICIT_RETAIN_SELF = YES;
				CLANG_WARN_OBJC_LITERAL_CONVERSION = YES;
				CLANG_WARN_OBJC_ROOT_CLASS = YES_ERROR;
				CLANG_WARN_QUOTED_INCLUDE_IN_FRAMEWORK_HEADER = YES;
				CLANG_WARN_RANGE_LOOP_ANALYSIS = YES;
				CLANG_WARN_STRICT_PROTOTYPES = YES;
				CLANG_WARN_SUSPICIOUS_MOVE = YES;
				CLANG_WARN_UNGUARDED_AVAILABILITY = YES_AGGRESSIVE;
				CLANG_WARN_UNREACHABLE_CODE = YES;
				CLANG_WARN__DUPLICATE_METHOD_MATCH = YES;
				COPY_PHASE_STRIP = NO;
				DEBUG_INFORMATION_FORMAT = "dwarf-with-dsym";
				ENABLE_NS_ASSERTIONS = NO;
				ENABLE_STRICT_OBJC_MSGSEND = YES;
				GCC_C_LANGUAGE_STANDARD = gnu11;
				GCC_NO_COMMON_BLOCKS = YES;
				GCC_WARN_64_TO_32_BIT_CONVERSION = YES;
				GCC_WARN_ABOUT_RETURN_TYPE = YES_ERROR;
				GCC_WARN_UNDECLARED_SELECTOR = YES;
				GCC_WARN_UNINITIALIZED_AUTOS = YES_AGGRESSIVE;
				GCC_WARN_UNUSED_FUNCTION = YES;
				GCC_WARN_UNUSED_VARIABLE = YES;
				IPHONEOS_DEPLOYMENT_TARGET = 16.2;
				MTL_ENABLE_DEBUG_INFO = NO;
				MTL_FAST_MATH = YES;
				SDKROOT = iphoneos;
				SWIFT_COMPILATION_MODE = wholemodule;
				SWIFT_OPTIMIZATION_LEVEL = "-O";
				VALIDATE_PRODUCT = YES;
			};
			name = Release;
		};
		C09ADE1A29854EB7008F2E90 /* Debug */ = {
			isa = XCBuildConfiguration;
			buildSettings = {
				ASSETCATALOG_COMPILER_APPICON_NAME = AppIcon;
				ASSETCATALOG_COMPILER_GLOBAL_ACCENT_COLOR_NAME = AccentColor;
				CODE_SIGN_STYLE = Automatic;
				CURRENT_PROJECT_VERSION = 1;
				DEVELOPMENT_TEAM = C5T3VHXRCH;
				GENERATE_INFOPLIST_FILE = YES;
				INFOPLIST_FILE = SrpingAnimation/App/Info.plist;
				INFOPLIST_KEY_UIApplicationSupportsIndirectInputEvents = YES;
				INFOPLIST_KEY_UILaunchStoryboardName = LaunchScreen;
				INFOPLIST_KEY_UIMainStoryboardFile = Main;
				INFOPLIST_KEY_UISupportedInterfaceOrientations_iPad = "UIInterfaceOrientationPortrait UIInterfaceOrientationPortraitUpsideDown UIInterfaceOrientationLandscapeLeft UIInterfaceOrientationLandscapeRight";
				INFOPLIST_KEY_UISupportedInterfaceOrientations_iPhone = "UIInterfaceOrientationPortrait UIInterfaceOrientationLandscapeLeft UIInterfaceOrientationLandscapeRight";
				LD_RUNPATH_SEARCH_PATHS = (
					"$(inherited)",
					"@executable_path/Frameworks",
				);
				MARKETING_VERSION = 1.0;
				PRODUCT_BUNDLE_IDENTIFIER = ru.armen.SrpingAnimation;
				PRODUCT_NAME = "$(TARGET_NAME)";
				SWIFT_EMIT_LOC_STRINGS = YES;
				SWIFT_VERSION = 5.0;
				TARGETED_DEVICE_FAMILY = "1,2";
			};
			name = Debug;
		};
		C09ADE1B29854EB7008F2E90 /* Release */ = {
			isa = XCBuildConfiguration;
			buildSettings = {
				ASSETCATALOG_COMPILER_APPICON_NAME = AppIcon;
				ASSETCATALOG_COMPILER_GLOBAL_ACCENT_COLOR_NAME = AccentColor;
				CODE_SIGN_STYLE = Automatic;
				CURRENT_PROJECT_VERSION = 1;
				DEVELOPMENT_TEAM = C5T3VHXRCH;
				GENERATE_INFOPLIST_FILE = YES;
				INFOPLIST_FILE = SrpingAnimation/App/Info.plist;
				INFOPLIST_KEY_UIApplicationSupportsIndirectInputEvents = YES;
				INFOPLIST_KEY_UILaunchStoryboardName = LaunchScreen;
				INFOPLIST_KEY_UIMainStoryboardFile = Main;
				INFOPLIST_KEY_UISupportedInterfaceOrientations_iPad = "UIInterfaceOrientationPortrait UIInterfaceOrientationPortraitUpsideDown UIInterfaceOrientationLandscapeLeft UIInterfaceOrientationLandscapeRight";
				INFOPLIST_KEY_UISupportedInterfaceOrientations_iPhone = "UIInterfaceOrientationPortrait UIInterfaceOrientationLandscapeLeft UIInterfaceOrientationLandscapeRight";
				LD_RUNPATH_SEARCH_PATHS = (
					"$(inherited)",
					"@executable_path/Frameworks",
				);
				MARKETING_VERSION = 1.0;
				PRODUCT_BUNDLE_IDENTIFIER = ru.armen.SrpingAnimation;
				PRODUCT_NAME = "$(TARGET_NAME)";
				SWIFT_EMIT_LOC_STRINGS = YES;
				SWIFT_VERSION = 5.0;
				TARGETED_DEVICE_FAMILY = "1,2";
			};
			name = Release;
		};
/* End XCBuildConfiguration section */

/* Begin XCConfigurationList section */
		C09ADE0029854EB6008F2E90 /* Build configuration list for PBXProject "SrpingAnimation" */ = {
			isa = XCConfigurationList;
			buildConfigurations = (
				C09ADE1729854EB7008F2E90 /* Debug */,
				C09ADE1829854EB7008F2E90 /* Release */,
			);
			defaultConfigurationIsVisible = 0;
			defaultConfigurationName = Release;
		};
		C09ADE1929854EB7008F2E90 /* Build configuration list for PBXNativeTarget "SrpingAnimation" */ = {
			isa = XCConfigurationList;
			buildConfigurations = (
				C09ADE1A29854EB7008F2E90 /* Debug */,
				C09ADE1B29854EB7008F2E90 /* Release */,
			);
			defaultConfigurationIsVisible = 0;
			defaultConfigurationName = Release;
		};
/* End XCConfigurationList section */

/* Begin XCRemoteSwiftPackageReference section */
		C09ADE1C29854EEE008F2E90 /* XCRemoteSwiftPackageReference "SpringAnimation" */ = {
			isa = XCRemoteSwiftPackageReference;
			repositoryURL = "https://github.com/LexDeBash/SpringAnimation.git";
			requirement = {
				kind = upToNextMajorVersion;
				minimumVersion = 0.3.0;
			};
		};
/* End XCRemoteSwiftPackageReference section */

/* Begin XCSwiftPackageProductDependency section */
		C09ADE1D29854EEE008F2E90 /* SpringAnimation */ = {
			isa = XCSwiftPackageProductDependency;
			package = C09ADE1C29854EEE008F2E90 /* XCRemoteSwiftPackageReference "SpringAnimation" */;
			productName = SpringAnimation;
		};
/* End XCSwiftPackageProductDependency section */
	};
	rootObject = C09ADDFD29854EB6008F2E90 /* Project object */;
}
